
Microsoft Visual Studio Solution File, Format Version 12.00
# Visual Studio Version 17
VisualStudioVersion = 17.5.002.0
MinimumVisualStudioVersion = 10.0.40219.1
Project("{9A19103F-16F7-4668-BE54-9A1E7A4F7556}") = "simple-arithmetic-William-Newson-Student", "simple-arithmetic-William-Newson-Student.csproj", "{8FCE97F4-643E-4FD7-AE3C-30431A2BE761}"
EndProject
Global
	GlobalSection(SolutionConfigurationPlatforms) = preSolution
		Debug|Any CPU = Debug|Any CPU
		Release|Any CPU = Release|Any CPU
	EndGlobalSection
	GlobalSection(ProjectConfigurationPlatforms) = postSolution
		{8FCE97F4-643E-4FD7-AE3C-30431A2BE761}.Debug|Any CPU.ActiveCfg = Debug|Any CPU
		{8FCE97F4-643E-4FD7-AE3C-30431A2BE761}.Debug|Any CPU.Build.0 = Debug|Any CPU
		{8FCE97F4-643E-4FD7-AE3C-30431A2BE761}.Release|Any CPU.ActiveCfg = Release|Any CPU
		{8FCE97F4-643E-4FD7-AE3C-30431A2BE761}.Release|Any CPU.Build.0 = Release|Any CPU
	EndGlobalSection
	GlobalSection(SolutionProperties) = preSolution
		HideSolutionNode = FALSE
	EndGlobalSection
	GlobalSection(ExtensibilityGlobals) = postSolution
		SolutionGuid = {07F6E0CC-390E-49F0-82DC-97267DE35BBA}
	EndGlobalSection
EndGlobal
